
Microsoft Visual Studio Solution File, Format Version 12.00
# Visual Studio Version 17
VisualStudioVersion = 17.1.32228.430
MinimumVisualStudioVersion = 10.0.40219.1
Project("{9A19103F-16F7-4668-BE54-9A1E7A4F7556}") = "YouYou.Api", "YouYou.Api\YouYou.Api.csproj", "{FA19BEFD-4762-478E-BF92-35BACC5F455C}"
EndProject
Project("{FAE04EC0-301F-11D3-BF4B-00C04F79EFBC}") = "YouYou.Business", "YouYou.Business\YouYou.Business.csproj", "{FA79378B-EBFF-46CA-AB23-857E0AE3A0B4}"
EndProject
Project("{FAE04EC0-301F-11D3-BF4B-00C04F79EFBC}") = "YouYou.Data", "YouYou.Data\YouYou.Data.csproj", "{5F74C849-340A-436A-96C7-AB03EAA4723D}"
EndProject
Global
	GlobalSection(SolutionConfigurationPlatforms) = preSolution
		Debug|Any CPU = Debug|Any CPU
		Release|Any CPU = Release|Any CPU
	EndGlobalSection
	GlobalSection(ProjectConfigurationPlatforms) = postSolution
		{FA19BEFD-4762-478E-BF92-35BACC5F455C}.Debug|Any CPU.ActiveCfg = Debug|Any CPU
		{FA19BEFD-4762-478E-BF92-35BACC5F455C}.Debug|Any CPU.Build.0 = Debug|Any CPU
		{FA19BEFD-4762-478E-BF92-35BACC5F455C}.Release|Any CPU.ActiveCfg = Release|Any CPU
		{FA19BEFD-4762-478E-BF92-35BACC5F455C}.Release|Any CPU.Build.0 = Release|Any CPU
		{FA79378B-EBFF-46CA-AB23-857E0AE3A0B4}.Debug|Any CPU.ActiveCfg = Debug|Any CPU
		{FA79378B-EBFF-46CA-AB23-857E0AE3A0B4}.Debug|Any CPU.Build.0 = Debug|Any CPU
		{FA79378B-EBFF-46CA-AB23-857E0AE3A0B4}.Release|Any CPU.ActiveCfg = Release|Any CPU
		{FA79378B-EBFF-46CA-AB23-857E0AE3A0B4}.Release|Any CPU.Build.0 = Release|Any CPU
		{5F74C849-340A-436A-96C7-AB03EAA4723D}.Debug|Any CPU.ActiveCfg = Debug|Any CPU
		{5F74C849-340A-436A-96C7-AB03EAA4723D}.Debug|Any CPU.Build.0 = Debug|Any CPU
		{5F74C849-340A-436A-96C7-AB03EAA4723D}.Release|Any CPU.ActiveCfg = Release|Any CPU
		{5F74C849-340A-436A-96C7-AB03EAA4723D}.Release|Any CPU.Build.0 = Release|Any CPU
	EndGlobalSection
	GlobalSection(SolutionProperties) = preSolution
		HideSolutionNode = FALSE
	EndGlobalSection
	GlobalSection(ExtensibilityGlobals) = postSolution
		SolutionGuid = {AE1675D2-E95F-4F2D-B35D-68D352163601}
	EndGlobalSection
EndGlobal
